
Microsoft Visual Studio Solution File, Format Version 12.00
# Visual Studio Version 17
VisualStudioVersion = 17.0.31903.59
MinimumVisualStudioVersion = 10.0.40219.1
Project("{2150E333-8FDC-42A3-9474-1A3956D46DE8}") = "src", "src", "{827E0CD3-B72D-47B6-A68D-7590B98EB39B}"
EndProject
Project("{2150E333-8FDC-42A3-9474-1A3956D46DE8}") = "Data", "Data", "{58A5B24B-8FB4-5A6E-5EF4-1E3E19F29B1B}"
EndProject
Project("{FAE04EC0-301F-11D3-BF4B-00C04F79EFBC}") = "AerospacePropellantThermodynamics.Data", "src\Data\AerospacePropellantThermodynamics.Data.csproj", "{A316E53F-153B-4F9D-BB26-994C69D51286}"
EndProject
Project("{2150E333-8FDC-42A3-9474-1A3956D46DE8}") = "tests", "tests", "{0AB3BF05-4346-4AA6-1389-037BE0695223}"
EndProject
Project("{2150E333-8FDC-42A3-9474-1A3956D46DE8}") = "Fixtures", "Fixtures", "{F12727AA-ABEF-07AF-E6F0-CD96E3D9A8AF}"
EndProject
Project("{FAE04EC0-301F-11D3-BF4B-00C04F79EFBC}") = "AerospacePropellantThermodynamics.Fixtures", "tests\Fixtures\AerospacePropellantThermodynamics.Fixtures.csproj", "{A4416B67-309B-44CC-BB57-5425332E995E}"
EndProject
Project("{2150E333-8FDC-42A3-9474-1A3956D46DE8}") = "Data.Tests", "Data.Tests", "{F5856A58-83D8-888F-79B1-D961ED034543}"
EndProject
Project("{FAE04EC0-301F-11D3-BF4B-00C04F79EFBC}") = "AerospacePropellantThermodynamics.Data.Tests", "tests\Data.Tests\AerospacePropellantThermodynamics.Data.Tests.csproj", "{9419E4BA-923A-45B5-9750-AED8B3793786}"
EndProject
Project("{2150E333-8FDC-42A3-9474-1A3956D46DE8}") = "Fixtures.Tests", "Fixtures.Tests", "{B73DEB92-8CF4-F920-4CA2-CA51D85386A7}"
EndProject
Project("{FAE04EC0-301F-11D3-BF4B-00C04F79EFBC}") = "AerospacePropellantThermodynamics.Fixtures.Tests", "tests\Fixtures.Tests\AerospacePropellantThermodynamics.Fixtures.Tests.csproj", "{B96F4837-33CC-4E22-B316-D8B8464EF45C}"
EndProject
Project("{2150E333-8FDC-42A3-9474-1A3956D46DE8}") = "Thermo", "Thermo", "{C8D03F53-85E8-E10C-B5AE-B99133F434EE}"
EndProject
Project("{FAE04EC0-301F-11D3-BF4B-00C04F79EFBC}") = "AerospacePropellantThermodynamics.Thermo", "src\Thermo\AerospacePropellantThermodynamics.Thermo.csproj", "{D5A64038-F500-454E-8530-1DFB00CEE360}"
EndProject
Project("{2150E333-8FDC-42A3-9474-1A3956D46DE8}") = "Thermo.Tests", "Thermo.Tests", "{ED1AD851-FE6F-163F-E532-B1F85661505D}"
EndProject
Project("{FAE04EC0-301F-11D3-BF4B-00C04F79EFBC}") = "AerospacePropellantThermodynamics.Thermo.Tests", "tests\Thermo.Tests\AerospacePropellantThermodynamics.Thermo.Tests.csproj", "{DE215977-1F6A-456A-AA5B-637E4694A7C4}"
EndProject
Global
	GlobalSection(SolutionConfigurationPlatforms) = preSolution
		Debug|Any CPU = Debug|Any CPU
		Debug|x64 = Debug|x64
		Debug|x86 = Debug|x86
		Release|Any CPU = Release|Any CPU
		Release|x64 = Release|x64
		Release|x86 = Release|x86
	EndGlobalSection
	GlobalSection(ProjectConfigurationPlatforms) = postSolution
		{A316E53F-153B-4F9D-BB26-994C69D51286}.Debug|Any CPU.ActiveCfg = Debug|Any CPU
		{A316E53F-153B-4F9D-BB26-994C69D51286}.Debug|Any CPU.Build.0 = Debug|Any CPU
		{A316E53F-153B-4F9D-BB26-994C69D51286}.Debug|x64.ActiveCfg = Debug|Any CPU
		{A316E53F-153B-4F9D-BB26-994C69D51286}.Debug|x64.Build.0 = Debug|Any CPU
		{A316E53F-153B-4F9D-BB26-994C69D51286}.Debug|x86.ActiveCfg = Debug|Any CPU
		{A316E53F-153B-4F9D-BB26-994C69D51286}.Debug|x86.Build.0 = Debug|Any CPU
		{A316E53F-153B-4F9D-BB26-994C69D51286}.Release|Any CPU.ActiveCfg = Release|Any CPU
		{A316E53F-153B-4F9D-BB26-994C69D51286}.Release|Any CPU.Build.0 = Release|Any CPU
		{A316E53F-153B-4F9D-BB26-994C69D51286}.Release|x64.ActiveCfg = Release|Any CPU
		{A316E53F-153B-4F9D-BB26-994C69D51286}.Release|x64.Build.0 = Release|Any CPU
		{A316E53F-153B-4F9D-BB26-994C69D51286}.Release|x86.ActiveCfg = Release|Any CPU
		{A316E53F-153B-4F9D-BB26-994C69D51286}.Release|x86.Build.0 = Release|Any CPU
		{A4416B67-309B-44CC-BB57-5425332E995E}.Debug|Any CPU.ActiveCfg = Debug|Any CPU
		{A4416B67-309B-44CC-BB57-5425332E995E}.Debug|Any CPU.Build.0 = Debug|Any CPU
		{A4416B67-309B-44CC-BB57-5425332E995E}.Debug|x64.ActiveCfg = Debug|Any CPU
		{A4416B67-309B-44CC-BB57-5425332E995E}.Debug|x64.Build.0 = Debug|Any CPU
		{A4416B67-309B-44CC-BB57-5425332E995E}.Debug|x86.ActiveCfg = Debug|Any CPU
		{A4416B67-309B-44CC-BB57-5425332E995E}.Debug|x86.Build.0 = Debug|Any CPU
		{A4416B67-309B-44CC-BB57-5425332E995E}.Release|Any CPU.ActiveCfg = Release|Any CPU
		{A4416B67-309B-44CC-BB57-5425332E995E}.Release|Any CPU.Build.0 = Release|Any CPU
		{A4416B67-309B-44CC-BB57-5425332E995E}.Release|x64.ActiveCfg = Release|Any CPU
		{A4416B67-309B-44CC-BB57-5425332E995E}.Release|x64.Build.0 = Release|Any CPU
		{A4416B67-309B-44CC-BB57-5425332E995E}.Release|x86.ActiveCfg = Release|Any CPU
		{A4416B67-309B-44CC-BB57-5425332E995E}.Release|x86.Build.0 = Release|Any CPU
		{9419E4BA-923A-45B5-9750-AED8B3793786}.Debug|Any CPU.ActiveCfg = Debug|Any CPU
		{9419E4BA-923A-45B5-9750-AED8B3793786}.Debug|Any CPU.Build.0 = Debug|Any CPU
		{9419E4BA-923A-45B5-9750-AED8B3793786}.Debug|x64.ActiveCfg = Debug|Any CPU
		{9419E4BA-923A-45B5-9750-AED8B3793786}.Debug|x64.Build.0 = Debug|Any CPU
		{9419E4BA-923A-45B5-9750-AED8B3793786}.Debug|x86.ActiveCfg = Debug|Any CPU
		{9419E4BA-923A-45B5-9750-AED8B3793786}.Debug|x86.Build.0 = Debug|Any CPU
		{9419E4BA-923A-45B5-9750-AED8B3793786}.Release|Any CPU.ActiveCfg = Release|Any CPU
		{9419E4BA-923A-45B5-9750-AED8B3793786}.Release|Any CPU.Build.0 = Release|Any CPU
		{9419E4BA-923A-45B5-9750-AED8B3793786}.Release|x64.ActiveCfg = Release|Any CPU
		{9419E4BA-923A-45B5-9750-AED8B3793786}.Release|x64.Build.0 = Release|Any CPU
		{9419E4BA-923A-45B5-9750-AED8B3793786}.Release|x86.ActiveCfg = Release|Any CPU
		{9419E4BA-923A-45B5-9750-AED8B3793786}.Release|x86.Build.0 = Release|Any CPU
		{B96F4837-33CC-4E22-B316-D8B8464EF45C}.Debug|Any CPU.ActiveCfg = Debug|Any CPU
		{B96F4837-33CC-4E22-B316-D8B8464EF45C}.Debug|Any CPU.Build.0 = Debug|Any CPU
		{B96F4837-33CC-4E22-B316-D8B8464EF45C}.Debug|x64.ActiveCfg = Debug|Any CPU
		{B96F4837-33CC-4E22-B316-D8B8464EF45C}.Debug|x64.Build.0 = Debug|Any CPU
		{B96F4837-33CC-4E22-B316-D8B8464EF45C}.Debug|x86.ActiveCfg = Debug|Any CPU
		{B96F4837-33CC-4E22-B316-D8B8464EF45C}.Debug|x86.Build.0 = Debug|Any CPU
		{B96F4837-33CC-4E22-B316-D8B8464EF45C}.Release|Any CPU.ActiveCfg = Release|Any CPU
		{B96F4837-33CC-4E22-B316-D8B8464EF45C}.Release|Any CPU.Build.0 = Release|Any CPU
		{B96F4837-33CC-4E22-B316-D8B8464EF45C}.Release|x64.ActiveCfg = Release|Any CPU
		{B96F4837-33CC-4E22-B316-D8B8464EF45C}.Release|x64.Build.0 = Release|Any CPU
		{B96F4837-33CC-4E22-B316-D8B8464EF45C}.Release|x86.ActiveCfg = Release|Any CPU
		{B96F4837-33CC-4E22-B316-D8B8464EF45C}.Release|x86.Build.0 = Release|Any CPU
		{D5A64038-F500-454E-8530-1DFB00CEE360}.Debug|Any CPU.ActiveCfg = Debug|Any CPU
		{D5A64038-F500-454E-8530-1DFB00CEE360}.Debug|Any CPU.Build.0 = Debug|Any CPU
		{D5A64038-F500-454E-8530-1DFB00CEE360}.Debug|x64.ActiveCfg = Debug|Any CPU
		{D5A64038-F500-454E-8530-1DFB00CEE360}.Debug|x64.Build.0 = Debug|Any CPU
		{D5A64038-F500-454E-8530-1DFB00CEE360}.Debug|x86.ActiveCfg = Debug|Any CPU
		{D5A64038-F500-454E-8530-1DFB00CEE360}.Debug|x86.Build.0 = Debug|Any CPU
		{D5A64038-F500-454E-8530-1DFB00CEE360}.Release|Any CPU.ActiveCfg = Release|Any CPU
		{D5A64038-F500-454E-8530-1DFB00CEE360}.Release|Any CPU.Build.0 = Release|Any CPU
		{D5A64038-F500-454E-8530-1DFB00CEE360}.Release|x64.ActiveCfg = Release|Any CPU
		{D5A64038-F500-454E-8530-1DFB00CEE360}.Release|x64.Build.0 = Release|Any CPU
		{D5A64038-F500-454E-8530-1DFB00CEE360}.Release|x86.ActiveCfg = Release|Any CPU
		{D5A64038-F500-454E-8530-1DFB00CEE360}.Release|x86.Build.0 = Release|Any CPU
		{DE215977-1F6A-456A-AA5B-637E4694A7C4}.Debug|Any CPU.ActiveCfg = Debug|Any CPU
		{DE215977-1F6A-456A-AA5B-637E4694A7C4}.Debug|Any CPU.Build.0 = Debug|Any CPU
		{DE215977-1F6A-456A-AA5B-637E4694A7C4}.Debug|x64.ActiveCfg = Debug|Any CPU
		{DE215977-1F6A-456A-AA5B-637E4694A7C4}.Debug|x64.Build.0 = Debug|Any CPU
		{DE215977-1F6A-456A-AA5B-637E4694A7C4}.Debug|x86.ActiveCfg = Debug|Any CPU
		{DE215977-1F6A-456A-AA5B-637E4694A7C4}.Debug|x86.Build.0 = Debug|Any CPU
		{DE215977-1F6A-456A-AA5B-637E4694A7C4}.Release|Any CPU.ActiveCfg = Release|Any CPU
		{DE215977-1F6A-456A-AA5B-637E4694A7C4}.Release|Any CPU.Build.0 = Release|Any CPU
		{DE215977-1F6A-456A-AA5B-637E4694A7C4}.Release|x64.ActiveCfg = Release|Any CPU
		{DE215977-1F6A-456A-AA5B-637E4694A7C4}.Release|x64.Build.0 = Release|Any CPU
		{DE215977-1F6A-456A-AA5B-637E4694A7C4}.Release|x86.ActiveCfg = Release|Any CPU
		{DE215977-1F6A-456A-AA5B-637E4694A7C4}.Release|x86.Build.0 = Release|Any CPU
	EndGlobalSection
	GlobalSection(SolutionProperties) = preSolution
		HideSolutionNode = FALSE
	EndGlobalSection
	GlobalSection(NestedProjects) = preSolution
		{58A5B24B-8FB4-5A6E-5EF4-1E3E19F29B1B} = {827E0CD3-B72D-47B6-A68D-7590B98EB39B}
		{A316E53F-153B-4F9D-BB26-994C69D51286} = {58A5B24B-8FB4-5A6E-5EF4-1E3E19F29B1B}
		{F12727AA-ABEF-07AF-E6F0-CD96E3D9A8AF} = {0AB3BF05-4346-4AA6-1389-037BE0695223}
		{A4416B67-309B-44CC-BB57-5425332E995E} = {F12727AA-ABEF-07AF-E6F0-CD96E3D9A8AF}
		{F5856A58-83D8-888F-79B1-D961ED034543} = {0AB3BF05-4346-4AA6-1389-037BE0695223}
		{9419E4BA-923A-45B5-9750-AED8B3793786} = {F5856A58-83D8-888F-79B1-D961ED034543}
		{B73DEB92-8CF4-F920-4CA2-CA51D85386A7} = {0AB3BF05-4346-4AA6-1389-037BE0695223}
		{B96F4837-33CC-4E22-B316-D8B8464EF45C} = {B73DEB92-8CF4-F920-4CA2-CA51D85386A7}
		{C8D03F53-85E8-E10C-B5AE-B99133F434EE} = {827E0CD3-B72D-47B6-A68D-7590B98EB39B}
		{D5A64038-F500-454E-8530-1DFB00CEE360} = {C8D03F53-85E8-E10C-B5AE-B99133F434EE}
		{ED1AD851-FE6F-163F-E532-B1F85661505D} = {0AB3BF05-4346-4AA6-1389-037BE0695223}
		{DE215977-1F6A-456A-AA5B-637E4694A7C4} = {ED1AD851-FE6F-163F-E532-B1F85661505D}
	EndGlobalSection
EndGlobal
