
Microsoft Visual Studio Solution File, Format Version 12.00
# Visual Studio Version 17
VisualStudioVersion = 17.0.31903.59
MinimumVisualStudioVersion = 10.0.40219.1
Project("{2150E333-8FDC-42A3-9474-1A3956D46DE8}") = "src", "src", "{827E0CD3-B72D-47B6-A68D-7590B98EB39B}"
EndProject
Project("{2150E333-8FDC-42A3-9474-1A3956D46DE8}") = "Data", "Data", "{58A5B24B-8FB4-5A6E-5EF4-1E3E19F29B1B}"
EndProject
Project("{FAE04EC0-301F-11D3-BF4B-00C04F79EFBC}") = "AerospacePropellantThermodynamics.Data", "src\Data\AerospacePropellantThermodynamics.Data.csproj", "{A316E53F-153B-4F9D-BB26-994C69D51286}"
EndProject
Project("{2150E333-8FDC-42A3-9474-1A3956D46DE8}") = "tests", "tests", "{0AB3BF05-4346-4AA6-1389-037BE0695223}"
EndProject
Project("{2150E333-8FDC-42A3-9474-1A3956D46DE8}") = "Fixtures", "Fixtures", "{F12727AA-ABEF-07AF-E6F0-CD96E3D9A8AF}"
EndProject
Project("{FAE04EC0-301F-11D3-BF4B-00C04F79EFBC}") = "AerospacePropellantThermodynamics.Fixtures", "tests\Fixtures\AerospacePropellantThermodynamics.Fixtures.csproj", "{A4416B67-309B-44CC-BB57-5425332E995E}"
EndProject
Project("{2150E333-8FDC-42A3-9474-1A3956D46DE8}") = "Data.Tests", "Data.Tests", "{F5856A58-83D8-888F-79B1-D961ED034543}"
EndProject
Project("{FAE04EC0-301F-11D3-BF4B-00C04F79EFBC}") = "AerospacePropellantThermodynamics.Data.Tests", "tests\Data.Tests\AerospacePropellantThermodynamics.Data.Tests.csproj", "{9419E4BA-923A-45B5-9750-AED8B3793786}"
EndProject
Project("{2150E333-8FDC-42A3-9474-1A3956D46DE8}") = "Fixtures.Tests", "Fixtures.Tests", "{B73DEB92-8CF4-F920-4CA2-CA51D85386A7}"
EndProject
Project("{FAE04EC0-301F-11D3-BF4B-00C04F79EFBC}") = "AerospacePropellantThermodynamics.Fixtures.Tests", "tests\Fixtures.Tests\AerospacePropellantThermodynamics.Fixtures.Tests.csproj", "{B96F4837-33CC-4E22-B316-D8B8464EF45C}"
EndProject
Project("{2150E333-8FDC-42A3-9474-1A3956D46DE8}") = "Thermo", "Thermo", "{C8D03F53-85E8-E10C-B5AE-B99133F434EE}"
EndProject
Project("{FAE04EC0-301F-11D3-BF4B-00C04F79EFBC}") = "AerospacePropellantThermodynamics.Thermo", "src\Thermo\AerospacePropellantThermodynamics.Thermo.csproj", "{D5A64038-F500-454E-8530-1DFB00CEE360}"
EndProject
Project("{2150E333-8FDC-42A3-9474-1A3956D46DE8}") = "Thermo.Tests", "Thermo.Tests", "{ED1AD851-FE6F-163F-E532-B1F85661505D}"
EndProject
Project("{FAE04EC0-301F-11D3-BF4B-00C04F79EFBC}") = "AerospacePropellantThermodynamics.Thermo.Tests", "tests\Thermo.Tests\AerospacePropellantThermodynamics.Thermo.Tests.csproj", "{DE215977-1F6A-456A-AA5B-637E4694A7C4}"
EndProject
Project("{FAE04EC0-301F-11D3-BF4B-00C04F79EFBC}") = "AerospacePropellantThermodynamics.Equilibrium", "src\Equilibrium\AerospacePropellantThermodynamics.Equilibrium.csproj", "{74D8BD1C-7EAF-407D-ACA2-BC9A78A181C5}"
EndProject
Project("{FAE04EC0-301F-11D3-BF4B-00C04F79EFBC}") = "AerospacePropellantThermodynamics.Equilibrium.Tests", "tests\Equilibrium.Tests\AerospacePropellantThermodynamics.Equilibrium.Tests.csproj", "{871E7484-AE53-4AA8-A82E-F33A3D3F0F8C}"
EndProject
Project("{FAE04EC0-301F-11D3-BF4B-00C04F79EFBC}") = "AerospacePropellantThermodynamics.Performance", "src\Performance\AerospacePropellantThermodynamics.Performance.csproj", "{0C9A7B7B-6B5D-4892-B95B-B1742CE9FFD8}"
EndProject
Project("{FAE04EC0-301F-11D3-BF4B-00C04F79EFBC}") = "AerospacePropellantThermodynamics.Performance.Tests", "tests\Performance.Tests\AerospacePropellantThermodynamics.Performance.Tests.csproj", "{B39BC116-414E-4E87-9FF4-C7C29F090872}"
EndProject
Project("{2150E333-8FDC-42A3-9474-1A3956D46DE8}") = "Transport", "Transport", "{EBE1F911-DA5A-2E09-3951-6FDC52D4619A}"
EndProject
Project("{FAE04EC0-301F-11D3-BF4B-00C04F79EFBC}") = "AerospacePropellantThermodynamics.Transport", "src\Transport\AerospacePropellantThermodynamics.Transport.csproj", "{657183BB-BF28-4C99-9101-5ADDF112C37B}"
EndProject
Project("{2150E333-8FDC-42A3-9474-1A3956D46DE8}") = "Transport.Tests", "Transport.Tests", "{D79185C1-66EA-EE8B-1C5E-902E67C52BA5}"
EndProject
Project("{FAE04EC0-301F-11D3-BF4B-00C04F79EFBC}") = "AerospacePropellantThermodynamics.Transport.Tests", "tests\Transport.Tests\AerospacePropellantThermodynamics.Transport.Tests.csproj", "{4F426283-E3F2-441C-8E11-6F115478BDBB}"
EndProject
Project("{2150E333-8FDC-42A3-9474-1A3956D46DE8}") = "Execution", "Execution", "{EC0AE37B-42FE-3786-533F-760669F80219}"
EndProject
Project("{FAE04EC0-301F-11D3-BF4B-00C04F79EFBC}") = "AerospacePropellantThermodynamics.Execution", "src\Execution\AerospacePropellantThermodynamics.Execution.csproj", "{764826DA-20B2-4936-A289-594D338408B7}"
EndProject
Project("{2150E333-8FDC-42A3-9474-1A3956D46DE8}") = "Execution.Tests", "Execution.Tests", "{13055E78-F142-F3CA-87BE-B5BA74CE81C6}"
EndProject
Project("{FAE04EC0-301F-11D3-BF4B-00C04F79EFBC}") = "AerospacePropellantThermodynamics.Execution.Tests", "tests\Execution.Tests\AerospacePropellantThermodynamics.Execution.Tests.csproj", "{6B4DCE9B-5111-4B24-A885-165278DF7A17}"
EndProject
Global
	GlobalSection(SolutionConfigurationPlatforms) = preSolution
		Debug|Any CPU = Debug|Any CPU
		Debug|x64 = Debug|x64
		Debug|x86 = Debug|x86
		Release|Any CPU = Release|Any CPU
		Release|x64 = Release|x64
		Release|x86 = Release|x86
	EndGlobalSection
	GlobalSection(ProjectConfigurationPlatforms) = postSolution
		{A316E53F-153B-4F9D-BB26-994C69D51286}.Debug|Any CPU.ActiveCfg = Debug|Any CPU
		{A316E53F-153B-4F9D-BB26-994C69D51286}.Debug|Any CPU.Build.0 = Debug|Any CPU
		{A316E53F-153B-4F9D-BB26-994C69D51286}.Debug|x64.ActiveCfg = Debug|Any CPU
		{A316E53F-153B-4F9D-BB26-994C69D51286}.Debug|x64.Build.0 = Debug|Any CPU
		{A316E53F-153B-4F9D-BB26-994C69D51286}.Debug|x86.ActiveCfg = Debug|Any CPU
		{A316E53F-153B-4F9D-BB26-994C69D51286}.Debug|x86.Build.0 = Debug|Any CPU
		{A316E53F-153B-4F9D-BB26-994C69D51286}.Release|Any CPU.ActiveCfg = Release|Any CPU
		{A316E53F-153B-4F9D-BB26-994C69D51286}.Release|Any CPU.Build.0 = Release|Any CPU
		{A316E53F-153B-4F9D-BB26-994C69D51286}.Release|x64.ActiveCfg = Release|Any CPU
		{A316E53F-153B-4F9D-BB26-994C69D51286}.Release|x64.Build.0 = Release|Any CPU
		{A316E53F-153B-4F9D-BB26-994C69D51286}.Release|x86.ActiveCfg = Release|Any CPU
		{A316E53F-153B-4F9D-BB26-994C69D51286}.Release|x86.Build.0 = Release|Any CPU
		{A4416B67-309B-44CC-BB57-5425332E995E}.Debug|Any CPU.ActiveCfg = Debug|Any CPU
		{A4416B67-309B-44CC-BB57-5425332E995E}.Debug|Any CPU.Build.0 = Debug|Any CPU
		{A4416B67-309B-44CC-BB57-5425332E995E}.Debug|x64.ActiveCfg = Debug|Any CPU
		{A4416B67-309B-44CC-BB57-5425332E995E}.Debug|x64.Build.0 = Debug|Any CPU
		{A4416B67-309B-44CC-BB57-5425332E995E}.Debug|x86.ActiveCfg = Debug|Any CPU
		{A4416B67-309B-44CC-BB57-5425332E995E}.Debug|x86.Build.0 = Debug|Any CPU
		{A4416B67-309B-44CC-BB57-5425332E995E}.Release|Any CPU.ActiveCfg = Release|Any CPU
		{A4416B67-309B-44CC-BB57-5425332E995E}.Release|Any CPU.Build.0 = Release|Any CPU
		{A4416B67-309B-44CC-BB57-5425332E995E}.Release|x64.ActiveCfg = Release|Any CPU
		{A4416B67-309B-44CC-BB57-5425332E995E}.Release|x64.Build.0 = Release|Any CPU
		{A4416B67-309B-44CC-BB57-5425332E995E}.Release|x86.ActiveCfg = Release|Any CPU
		{A4416B67-309B-44CC-BB57-5425332E995E}.Release|x86.Build.0 = Release|Any CPU
		{9419E4BA-923A-45B5-9750-AED8B3793786}.Debug|Any CPU.ActiveCfg = Debug|Any CPU
		{9419E4BA-923A-45B5-9750-AED8B3793786}.Debug|Any CPU.Build.0 = Debug|Any CPU
		{9419E4BA-923A-45B5-9750-AED8B3793786}.Debug|x64.ActiveCfg = Debug|Any CPU
		{9419E4BA-923A-45B5-9750-AED8B3793786}.Debug|x64.Build.0 = Debug|Any CPU
		{9419E4BA-923A-45B5-9750-AED8B3793786}.Debug|x86.ActiveCfg = Debug|Any CPU
		{9419E4BA-923A-45B5-9750-AED8B3793786}.Debug|x86.Build.0 = Debug|Any CPU
		{9419E4BA-923A-45B5-9750-AED8B3793786}.Release|Any CPU.ActiveCfg = Release|Any CPU
		{9419E4BA-923A-45B5-9750-AED8B3793786}.Release|Any CPU.Build.0 = Release|Any CPU
		{9419E4BA-923A-45B5-9750-AED8B3793786}.Release|x64.ActiveCfg = Release|Any CPU
		{9419E4BA-923A-45B5-9750-AED8B3793786}.Release|x64.Build.0 = Release|Any CPU
		{9419E4BA-923A-45B5-9750-AED8B3793786}.Release|x86.ActiveCfg = Release|Any CPU
		{9419E4BA-923A-45B5-9750-AED8B3793786}.Release|x86.Build.0 = Release|Any CPU
		{B96F4837-33CC-4E22-B316-D8B8464EF45C}.Debug|Any CPU.ActiveCfg = Debug|Any CPU
		{B96F4837-33CC-4E22-B316-D8B8464EF45C}.Debug|Any CPU.Build.0 = Debug|Any CPU
		{B96F4837-33CC-4E22-B316-D8B8464EF45C}.Debug|x64.ActiveCfg = Debug|Any CPU
		{B96F4837-33CC-4E22-B316-D8B8464EF45C}.Debug|x64.Build.0 = Debug|Any CPU
		{B96F4837-33CC-4E22-B316-D8B8464EF45C}.Debug|x86.ActiveCfg = Debug|Any CPU
		{B96F4837-33CC-4E22-B316-D8B8464EF45C}.Debug|x86.Build.0 = Debug|Any CPU
		{B96F4837-33CC-4E22-B316-D8B8464EF45C}.Release|Any CPU.ActiveCfg = Release|Any CPU
		{B96F4837-33CC-4E22-B316-D8B8464EF45C}.Release|Any CPU.Build.0 = Release|Any CPU
		{B96F4837-33CC-4E22-B316-D8B8464EF45C}.Release|x64.ActiveCfg = Release|Any CPU
		{B96F4837-33CC-4E22-B316-D8B8464EF45C}.Release|x64.Build.0 = Release|Any CPU
		{B96F4837-33CC-4E22-B316-D8B8464EF45C}.Release|x86.ActiveCfg = Release|Any CPU
		{B96F4837-33CC-4E22-B316-D8B8464EF45C}.Release|x86.Build.0 = Release|Any CPU
		{D5A64038-F500-454E-8530-1DFB00CEE360}.Debug|Any CPU.ActiveCfg = Debug|Any CPU
		{D5A64038-F500-454E-8530-1DFB00CEE360}.Debug|Any CPU.Build.0 = Debug|Any CPU
		{D5A64038-F500-454E-8530-1DFB00CEE360}.Debug|x64.ActiveCfg = Debug|Any CPU
		{D5A64038-F500-454E-8530-1DFB00CEE360}.Debug|x64.Build.0 = Debug|Any CPU
		{D5A64038-F500-454E-8530-1DFB00CEE360}.Debug|x86.ActiveCfg = Debug|Any CPU
		{D5A64038-F500-454E-8530-1DFB00CEE360}.Debug|x86.Build.0 = Debug|Any CPU
		{D5A64038-F500-454E-8530-1DFB00CEE360}.Release|Any CPU.ActiveCfg = Release|Any CPU
		{D5A64038-F500-454E-8530-1DFB00CEE360}.Release|Any CPU.Build.0 = Release|Any CPU
		{D5A64038-F500-454E-8530-1DFB00CEE360}.Release|x64.ActiveCfg = Release|Any CPU
		{D5A64038-F500-454E-8530-1DFB00CEE360}.Release|x64.Build.0 = Release|Any CPU
		{D5A64038-F500-454E-8530-1DFB00CEE360}.Release|x86.ActiveCfg = Release|Any CPU
		{D5A64038-F500-454E-8530-1DFB00CEE360}.Release|x86.Build.0 = Release|Any CPU
		{DE215977-1F6A-456A-AA5B-637E4694A7C4}.Debug|Any CPU.ActiveCfg = Debug|Any CPU
		{DE215977-1F6A-456A-AA5B-637E4694A7C4}.Debug|Any CPU.Build.0 = Debug|Any CPU
		{DE215977-1F6A-456A-AA5B-637E4694A7C4}.Debug|x64.ActiveCfg = Debug|Any CPU
		{DE215977-1F6A-456A-AA5B-637E4694A7C4}.Debug|x64.Build.0 = Debug|Any CPU
		{DE215977-1F6A-456A-AA5B-637E4694A7C4}.Debug|x86.ActiveCfg = Debug|Any CPU
		{DE215977-1F6A-456A-AA5B-637E4694A7C4}.Debug|x86.Build.0 = Debug|Any CPU
		{DE215977-1F6A-456A-AA5B-637E4694A7C4}.Release|Any CPU.ActiveCfg = Release|Any CPU
		{DE215977-1F6A-456A-AA5B-637E4694A7C4}.Release|Any CPU.Build.0 = Release|Any CPU
		{DE215977-1F6A-456A-AA5B-637E4694A7C4}.Release|x64.ActiveCfg = Release|Any CPU
		{DE215977-1F6A-456A-AA5B-637E4694A7C4}.Release|x64.Build.0 = Release|Any CPU
		{DE215977-1F6A-456A-AA5B-637E4694A7C4}.Release|x86.ActiveCfg = Release|Any CPU
		{DE215977-1F6A-456A-AA5B-637E4694A7C4}.Release|x86.Build.0 = Release|Any CPU
		{74D8BD1C-7EAF-407D-ACA2-BC9A78A181C5}.Debug|Any CPU.ActiveCfg = Debug|Any CPU
		{74D8BD1C-7EAF-407D-ACA2-BC9A78A181C5}.Debug|Any CPU.Build.0 = Debug|Any CPU
		{74D8BD1C-7EAF-407D-ACA2-BC9A78A181C5}.Debug|x64.ActiveCfg = Debug|Any CPU
		{74D8BD1C-7EAF-407D-ACA2-BC9A78A181C5}.Debug|x64.Build.0 = Debug|Any CPU
		{74D8BD1C-7EAF-407D-ACA2-BC9A78A181C5}.Debug|x86.ActiveCfg = Debug|Any CPU
		{74D8BD1C-7EAF-407D-ACA2-BC9A78A181C5}.Debug|x86.Build.0 = Debug|Any CPU
		{74D8BD1C-7EAF-407D-ACA2-BC9A78A181C5}.Release|Any CPU.ActiveCfg = Release|Any CPU
		{74D8BD1C-7EAF-407D-ACA2-BC9A78A181C5}.Release|Any CPU.Build.0 = Release|Any CPU
		{74D8BD1C-7EAF-407D-ACA2-BC9A78A181C5}.Release|x64.ActiveCfg = Release|Any CPU
		{74D8BD1C-7EAF-407D-ACA2-BC9A78A181C5}.Release|x64.Build.0 = Release|Any CPU
		{74D8BD1C-7EAF-407D-ACA2-BC9A78A181C5}.Release|x86.ActiveCfg = Release|Any CPU
		{74D8BD1C-7EAF-407D-ACA2-BC9A78A181C5}.Release|x86.Build.0 = Release|Any CPU
		{871E7484-AE53-4AA8-A82E-F33A3D3F0F8C}.Debug|Any CPU.ActiveCfg = Debug|Any CPU
		{871E7484-AE53-4AA8-A82E-F33A3D3F0F8C}.Debug|Any CPU.Build.0 = Debug|Any CPU
		{871E7484-AE53-4AA8-A82E-F33A3D3F0F8C}.Debug|x64.ActiveCfg = Debug|Any CPU
		{871E7484-AE53-4AA8-A82E-F33A3D3F0F8C}.Debug|x64.Build.0 = Debug|Any CPU
		{871E7484-AE53-4AA8-A82E-F33A3D3F0F8C}.Debug|x86.ActiveCfg = Debug|Any CPU
		{871E7484-AE53-4AA8-A82E-F33A3D3F0F8C}.Debug|x86.Build.0 = Debug|Any CPU
		{871E7484-AE53-4AA8-A82E-F33A3D3F0F8C}.Release|Any CPU.ActiveCfg = Release|Any CPU
		{871E7484-AE53-4AA8-A82E-F33A3D3F0F8C}.Release|Any CPU.Build.0 = Release|Any CPU
		{871E7484-AE53-4AA8-A82E-F33A3D3F0F8C}.Release|x64.ActiveCfg = Release|Any CPU
		{871E7484-AE53-4AA8-A82E-F33A3D3F0F8C}.Release|x64.Build.0 = Release|Any CPU
		{871E7484-AE53-4AA8-A82E-F33A3D3F0F8C}.Release|x86.ActiveCfg = Release|Any CPU
		{871E7484-AE53-4AA8-A82E-F33A3D3F0F8C}.Release|x86.Build.0 = Release|Any CPU
		{0C9A7B7B-6B5D-4892-B95B-B1742CE9FFD8}.Debug|Any CPU.ActiveCfg = Debug|Any CPU
		{0C9A7B7B-6B5D-4892-B95B-B1742CE9FFD8}.Debug|Any CPU.Build.0 = Debug|Any CPU
		{0C9A7B7B-6B5D-4892-B95B-B1742CE9FFD8}.Debug|x64.ActiveCfg = Debug|Any CPU
		{0C9A7B7B-6B5D-4892-B95B-B1742CE9FFD8}.Debug|x64.Build.0 = Debug|Any CPU
		{0C9A7B7B-6B5D-4892-B95B-B1742CE9FFD8}.Debug|x86.ActiveCfg = Debug|Any CPU
		{0C9A7B7B-6B5D-4892-B95B-B1742CE9FFD8}.Debug|x86.Build.0 = Debug|Any CPU
		{0C9A7B7B-6B5D-4892-B95B-B1742CE9FFD8}.Release|Any CPU.ActiveCfg = Release|Any CPU
		{0C9A7B7B-6B5D-4892-B95B-B1742CE9FFD8}.Release|Any CPU.Build.0 = Release|Any CPU
		{0C9A7B7B-6B5D-4892-B95B-B1742CE9FFD8}.Release|x64.ActiveCfg = Release|Any CPU
		{0C9A7B7B-6B5D-4892-B95B-B1742CE9FFD8}.Release|x64.Build.0 = Release|Any CPU
		{0C9A7B7B-6B5D-4892-B95B-B1742CE9FFD8}.Release|x86.ActiveCfg = Release|Any CPU
		{0C9A7B7B-6B5D-4892-B95B-B1742CE9FFD8}.Release|x86.Build.0 = Release|Any CPU
		{B39BC116-414E-4E87-9FF4-C7C29F090872}.Debug|Any CPU.ActiveCfg = Debug|Any CPU
		{B39BC116-414E-4E87-9FF4-C7C29F090872}.Debug|Any CPU.Build.0 = Debug|Any CPU
		{B39BC116-414E-4E87-9FF4-C7C29F090872}.Debug|x64.ActiveCfg = Debug|Any CPU
		{B39BC116-414E-4E87-9FF4-C7C29F090872}.Debug|x64.Build.0 = Debug|Any CPU
		{B39BC116-414E-4E87-9FF4-C7C29F090872}.Debug|x86.ActiveCfg = Debug|Any CPU
		{B39BC116-414E-4E87-9FF4-C7C29F090872}.Debug|x86.Build.0 = Debug|Any CPU
		{B39BC116-414E-4E87-9FF4-C7C29F090872}.Release|Any CPU.ActiveCfg = Release|Any CPU
		{B39BC116-414E-4E87-9FF4-C7C29F090872}.Release|Any CPU.Build.0 = Release|Any CPU
		{B39BC116-414E-4E87-9FF4-C7C29F090872}.Release|x64.ActiveCfg = Release|Any CPU
		{B39BC116-414E-4E87-9FF4-C7C29F090872}.Release|x64.Build.0 = Release|Any CPU
		{B39BC116-414E-4E87-9FF4-C7C29F090872}.Release|x86.ActiveCfg = Release|Any CPU
		{B39BC116-414E-4E87-9FF4-C7C29F090872}.Release|x86.Build.0 = Release|Any CPU
		{657183BB-BF28-4C99-9101-5ADDF112C37B}.Debug|Any CPU.ActiveCfg = Debug|Any CPU
		{657183BB-BF28-4C99-9101-5ADDF112C37B}.Debug|Any CPU.Build.0 = Debug|Any CPU
		{657183BB-BF28-4C99-9101-5ADDF112C37B}.Debug|x64.ActiveCfg = Debug|Any CPU
		{657183BB-BF28-4C99-9101-5ADDF112C37B}.Debug|x64.Build.0 = Debug|Any CPU
		{657183BB-BF28-4C99-9101-5ADDF112C37B}.Debug|x86.ActiveCfg = Debug|Any CPU
		{657183BB-BF28-4C99-9101-5ADDF112C37B}.Debug|x86.Build.0 = Debug|Any CPU
		{657183BB-BF28-4C99-9101-5ADDF112C37B}.Release|Any CPU.ActiveCfg = Release|Any CPU
		{657183BB-BF28-4C99-9101-5ADDF112C37B}.Release|Any CPU.Build.0 = Release|Any CPU
		{657183BB-BF28-4C99-9101-5ADDF112C37B}.Release|x64.ActiveCfg = Release|Any CPU
		{657183BB-BF28-4C99-9101-5ADDF112C37B}.Release|x64.Build.0 = Release|Any CPU
		{657183BB-BF28-4C99-9101-5ADDF112C37B}.Release|x86.ActiveCfg = Release|Any CPU
		{657183BB-BF28-4C99-9101-5ADDF112C37B}.Release|x86.Build.0 = Release|Any CPU
		{4F426283-E3F2-441C-8E11-6F115478BDBB}.Debug|Any CPU.ActiveCfg = Debug|Any CPU
		{4F426283-E3F2-441C-8E11-6F115478BDBB}.Debug|Any CPU.Build.0 = Debug|Any CPU
		{4F426283-E3F2-441C-8E11-6F115478BDBB}.Debug|x64.ActiveCfg = Debug|Any CPU
		{4F426283-E3F2-441C-8E11-6F115478BDBB}.Debug|x64.Build.0 = Debug|Any CPU
		{4F426283-E3F2-441C-8E11-6F115478BDBB}.Debug|x86.ActiveCfg = Debug|Any CPU
		{4F426283-E3F2-441C-8E11-6F115478BDBB}.Debug|x86.Build.0 = Debug|Any CPU
		{4F426283-E3F2-441C-8E11-6F115478BDBB}.Release|Any CPU.ActiveCfg = Release|Any CPU
		{4F426283-E3F2-441C-8E11-6F115478BDBB}.Release|Any CPU.Build.0 = Release|Any CPU
		{4F426283-E3F2-441C-8E11-6F115478BDBB}.Release|x64.ActiveCfg = Release|Any CPU
		{4F426283-E3F2-441C-8E11-6F115478BDBB}.Release|x64.Build.0 = Release|Any CPU
		{4F426283-E3F2-441C-8E11-6F115478BDBB}.Release|x86.ActiveCfg = Release|Any CPU
		{4F426283-E3F2-441C-8E11-6F115478BDBB}.Release|x86.Build.0 = Release|Any CPU
		{764826DA-20B2-4936-A289-594D338408B7}.Debug|Any CPU.ActiveCfg = Debug|Any CPU
		{764826DA-20B2-4936-A289-594D338408B7}.Debug|Any CPU.Build.0 = Debug|Any CPU
		{764826DA-20B2-4936-A289-594D338408B7}.Debug|x64.ActiveCfg = Debug|Any CPU
		{764826DA-20B2-4936-A289-594D338408B7}.Debug|x64.Build.0 = Debug|Any CPU
		{764826DA-20B2-4936-A289-594D338408B7}.Debug|x86.ActiveCfg = Debug|Any CPU
		{764826DA-20B2-4936-A289-594D338408B7}.Debug|x86.Build.0 = Debug|Any CPU
		{764826DA-20B2-4936-A289-594D338408B7}.Release|Any CPU.ActiveCfg = Release|Any CPU
		{764826DA-20B2-4936-A289-594D338408B7}.Release|Any CPU.Build.0 = Release|Any CPU
		{764826DA-20B2-4936-A289-594D338408B7}.Release|x64.ActiveCfg = Release|Any CPU
		{764826DA-20B2-4936-A289-594D338408B7}.Release|x64.Build.0 = Release|Any CPU
		{764826DA-20B2-4936-A289-594D338408B7}.Release|x86.ActiveCfg = Release|Any CPU
		{764826DA-20B2-4936-A289-594D338408B7}.Release|x86.Build.0 = Release|Any CPU
		{6B4DCE9B-5111-4B24-A885-165278DF7A17}.Debug|Any CPU.ActiveCfg = Debug|Any CPU
		{6B4DCE9B-5111-4B24-A885-165278DF7A17}.Debug|Any CPU.Build.0 = Debug|Any CPU
		{6B4DCE9B-5111-4B24-A885-165278DF7A17}.Debug|x64.ActiveCfg = Debug|Any CPU
		{6B4DCE9B-5111-4B24-A885-165278DF7A17}.Debug|x64.Build.0 = Debug|Any CPU
		{6B4DCE9B-5111-4B24-A885-165278DF7A17}.Debug|x86.ActiveCfg = Debug|Any CPU
		{6B4DCE9B-5111-4B24-A885-165278DF7A17}.Debug|x86.Build.0 = Debug|Any CPU
		{6B4DCE9B-5111-4B24-A885-165278DF7A17}.Release|Any CPU.ActiveCfg = Release|Any CPU
		{6B4DCE9B-5111-4B24-A885-165278DF7A17}.Release|Any CPU.Build.0 = Release|Any CPU
		{6B4DCE9B-5111-4B24-A885-165278DF7A17}.Release|x64.ActiveCfg = Release|Any CPU
		{6B4DCE9B-5111-4B24-A885-165278DF7A17}.Release|x64.Build.0 = Release|Any CPU
		{6B4DCE9B-5111-4B24-A885-165278DF7A17}.Release|x86.ActiveCfg = Release|Any CPU
		{6B4DCE9B-5111-4B24-A885-165278DF7A17}.Release|x86.Build.0 = Release|Any CPU
	EndGlobalSection
	GlobalSection(SolutionProperties) = preSolution
		HideSolutionNode = FALSE
	EndGlobalSection
	GlobalSection(NestedProjects) = preSolution
		{58A5B24B-8FB4-5A6E-5EF4-1E3E19F29B1B} = {827E0CD3-B72D-47B6-A68D-7590B98EB39B}
		{A316E53F-153B-4F9D-BB26-994C69D51286} = {58A5B24B-8FB4-5A6E-5EF4-1E3E19F29B1B}
		{F12727AA-ABEF-07AF-E6F0-CD96E3D9A8AF} = {0AB3BF05-4346-4AA6-1389-037BE0695223}
		{A4416B67-309B-44CC-BB57-5425332E995E} = {F12727AA-ABEF-07AF-E6F0-CD96E3D9A8AF}
		{F5856A58-83D8-888F-79B1-D961ED034543} = {0AB3BF05-4346-4AA6-1389-037BE0695223}
		{9419E4BA-923A-45B5-9750-AED8B3793786} = {F5856A58-83D8-888F-79B1-D961ED034543}
		{B73DEB92-8CF4-F920-4CA2-CA51D85386A7} = {0AB3BF05-4346-4AA6-1389-037BE0695223}
		{B96F4837-33CC-4E22-B316-D8B8464EF45C} = {B73DEB92-8CF4-F920-4CA2-CA51D85386A7}
		{C8D03F53-85E8-E10C-B5AE-B99133F434EE} = {827E0CD3-B72D-47B6-A68D-7590B98EB39B}
		{D5A64038-F500-454E-8530-1DFB00CEE360} = {C8D03F53-85E8-E10C-B5AE-B99133F434EE}
		{ED1AD851-FE6F-163F-E532-B1F85661505D} = {0AB3BF05-4346-4AA6-1389-037BE0695223}
		{DE215977-1F6A-456A-AA5B-637E4694A7C4} = {ED1AD851-FE6F-163F-E532-B1F85661505D}
		{74D8BD1C-7EAF-407D-ACA2-BC9A78A181C5} = {827E0CD3-B72D-47B6-A68D-7590B98EB39B}
		{871E7484-AE53-4AA8-A82E-F33A3D3F0F8C} = {0AB3BF05-4346-4AA6-1389-037BE0695223}
		{0C9A7B7B-6B5D-4892-B95B-B1742CE9FFD8} = {827E0CD3-B72D-47B6-A68D-7590B98EB39B}
		{B39BC116-414E-4E87-9FF4-C7C29F090872} = {0AB3BF05-4346-4AA6-1389-037BE0695223}
		{EBE1F911-DA5A-2E09-3951-6FDC52D4619A} = {827E0CD3-B72D-47B6-A68D-7590B98EB39B}
		{657183BB-BF28-4C99-9101-5ADDF112C37B} = {EBE1F911-DA5A-2E09-3951-6FDC52D4619A}
		{D79185C1-66EA-EE8B-1C5E-902E67C52BA5} = {0AB3BF05-4346-4AA6-1389-037BE0695223}
		{4F426283-E3F2-441C-8E11-6F115478BDBB} = {D79185C1-66EA-EE8B-1C5E-902E67C52BA5}
		{EC0AE37B-42FE-3786-533F-760669F80219} = {827E0CD3-B72D-47B6-A68D-7590B98EB39B}
		{764826DA-20B2-4936-A289-594D338408B7} = {EC0AE37B-42FE-3786-533F-760669F80219}
		{13055E78-F142-F3CA-87BE-B5BA74CE81C6} = {0AB3BF05-4346-4AA6-1389-037BE0695223}
		{6B4DCE9B-5111-4B24-A885-165278DF7A17} = {13055E78-F142-F3CA-87BE-B5BA74CE81C6}
	EndGlobalSection
EndGlobal
