
Microsoft Visual Studio Solution File, Format Version 12.00
# Visual Studio Version 17
VisualStudioVersion = 17.0.31903.59
MinimumVisualStudioVersion = 10.0.40219.1
Project("{2150E333-8FDC-42A3-9474-1A3956D46DE8}") = "src", "src", "{827E0CD3-B72D-47B6-A68D-7590B98EB39B}"
EndProject
Project("{2150E333-8FDC-42A3-9474-1A3956D46DE8}") = "Data", "Data", "{58A5B24B-8FB4-5A6E-5EF4-1E3E19F29B1B}"
EndProject
Project("{FAE04EC0-301F-11D3-BF4B-00C04F79EFBC}") = "APThermo.Data", "src\Data\APThermo.Data.csproj", "{A316E53F-153B-4F9D-BB26-994C69D51286}"
EndProject
Project("{2150E333-8FDC-42A3-9474-1A3956D46DE8}") = "tests", "tests", "{0AB3BF05-4346-4AA6-1389-037BE0695223}"
EndProject
Project("{2150E333-8FDC-42A3-9474-1A3956D46DE8}") = "Fixtures", "Fixtures", "{F12727AA-ABEF-07AF-E6F0-CD96E3D9A8AF}"
EndProject
Project("{FAE04EC0-301F-11D3-BF4B-00C04F79EFBC}") = "APThermo.Fixtures", "tests\Fixtures\APThermo.Fixtures.csproj", "{A4416B67-309B-44CC-BB57-5425332E995E}"
EndProject
Project("{2150E333-8FDC-42A3-9474-1A3956D46DE8}") = "Data.Tests", "Data.Tests", "{F5856A58-83D8-888F-79B1-D961ED034543}"
EndProject
Project("{FAE04EC0-301F-11D3-BF4B-00C04F79EFBC}") = "APThermo.Data.Tests", "tests\Data.Tests\APThermo.Data.Tests.csproj", "{9419E4BA-923A-45B5-9750-AED8B3793786}"
EndProject
Project("{2150E333-8FDC-42A3-9474-1A3956D46DE8}") = "Fixtures.Tests", "Fixtures.Tests", "{B73DEB92-8CF4-F920-4CA2-CA51D85386A7}"
EndProject
Project("{FAE04EC0-301F-11D3-BF4B-00C04F79EFBC}") = "APThermo.Fixtures.Tests", "tests\Fixtures.Tests\APThermo.Fixtures.Tests.csproj", "{B96F4837-33CC-4E22-B316-D8B8464EF45C}"
EndProject
Project("{2150E333-8FDC-42A3-9474-1A3956D46DE8}") = "Thermo", "Thermo", "{C8D03F53-85E8-E10C-B5AE-B99133F434EE}"
EndProject
Project("{FAE04EC0-301F-11D3-BF4B-00C04F79EFBC}") = "APThermo.Thermo", "src\Thermo\APThermo.Thermo.csproj", "{D5A64038-F500-454E-8530-1DFB00CEE360}"
EndProject
Project("{2150E333-8FDC-42A3-9474-1A3956D46DE8}") = "Thermo.Tests", "Thermo.Tests", "{ED1AD851-FE6F-163F-E532-B1F85661505D}"
EndProject
Project("{FAE04EC0-301F-11D3-BF4B-00C04F79EFBC}") = "APThermo.Thermo.Tests", "tests\Thermo.Tests\APThermo.Thermo.Tests.csproj", "{DE215977-1F6A-456A-AA5B-637E4694A7C4}"
EndProject
Project("{FAE04EC0-301F-11D3-BF4B-00C04F79EFBC}") = "APThermo.Equilibrium", "src\Equilibrium\APThermo.Equilibrium.csproj", "{74D8BD1C-7EAF-407D-ACA2-BC9A78A181C5}"
EndProject
Project("{FAE04EC0-301F-11D3-BF4B-00C04F79EFBC}") = "APThermo.Equilibrium.Tests", "tests\Equilibrium.Tests\APThermo.Equilibrium.Tests.csproj", "{871E7484-AE53-4AA8-A82E-F33A3D3F0F8C}"
EndProject
Project("{FAE04EC0-301F-11D3-BF4B-00C04F79EFBC}") = "APThermo.Performance", "src\Performance\APThermo.Performance.csproj", "{0C9A7B7B-6B5D-4892-B95B-B1742CE9FFD8}"
EndProject
Project("{FAE04EC0-301F-11D3-BF4B-00C04F79EFBC}") = "APThermo.Performance.Tests", "tests\Performance.Tests\APThermo.Performance.Tests.csproj", "{B39BC116-414E-4E87-9FF4-C7C29F090872}"
EndProject
Project("{2150E333-8FDC-42A3-9474-1A3956D46DE8}") = "Transport", "Transport", "{EBE1F911-DA5A-2E09-3951-6FDC52D4619A}"
EndProject
Project("{FAE04EC0-301F-11D3-BF4B-00C04F79EFBC}") = "APThermo.Transport", "src\Transport\APThermo.Transport.csproj", "{657183BB-BF28-4C99-9101-5ADDF112C37B}"
EndProject
Project("{2150E333-8FDC-42A3-9474-1A3956D46DE8}") = "Transport.Tests", "Transport.Tests", "{D79185C1-66EA-EE8B-1C5E-902E67C52BA5}"
EndProject
Project("{FAE04EC0-301F-11D3-BF4B-00C04F79EFBC}") = "APThermo.Transport.Tests", "tests\Transport.Tests\APThermo.Transport.Tests.csproj", "{4F426283-E3F2-441C-8E11-6F115478BDBB}"
EndProject
Project("{2150E333-8FDC-42A3-9474-1A3956D46DE8}") = "Execution", "Execution", "{EC0AE37B-42FE-3786-533F-760669F80219}"
EndProject
Project("{FAE04EC0-301F-11D3-BF4B-00C04F79EFBC}") = "APThermo.Execution", "src\Execution\APThermo.Execution.csproj", "{764826DA-20B2-4936-A289-594D338408B7}"
EndProject
Project("{2150E333-8FDC-42A3-9474-1A3956D46DE8}") = "Execution.Tests", "Execution.Tests", "{13055E78-F142-F3CA-87BE-B5BA74CE81C6}"
EndProject
Project("{FAE04EC0-301F-11D3-BF4B-00C04F79EFBC}") = "APThermo.Execution.Tests", "tests\Execution.Tests\APThermo.Execution.Tests.csproj", "{6B4DCE9B-5111-4B24-A885-165278DF7A17}"
EndProject
Project("{2150E333-8FDC-42A3-9474-1A3956D46DE8}") = "Problems", "Problems", "{1F00F202-86F7-2C84-886B-8413C9B64CA3}"
EndProject
Project("{FAE04EC0-301F-11D3-BF4B-00C04F79EFBC}") = "APThermo.Problems", "src\Problems\APThermo.Problems.csproj", "{C433D1E3-6882-4362-9A04-0A98199F2EDB}"
EndProject
Project("{2150E333-8FDC-42A3-9474-1A3956D46DE8}") = "Equilibrium", "Equilibrium", "{1F372C61-7DB7-C9EB-8EB0-EED26EB98FB1}"
EndProject
Project("{2150E333-8FDC-42A3-9474-1A3956D46DE8}") = "Performance", "Performance", "{A985E10E-0E53-AFFE-9895-B7A228AD8D70}"
EndProject
Project("{2150E333-8FDC-42A3-9474-1A3956D46DE8}") = "Problems.Tests", "Problems.Tests", "{7FB19850-2149-E8ED-2182-BCD1FCE35CF2}"
EndProject
Project("{FAE04EC0-301F-11D3-BF4B-00C04F79EFBC}") = "APThermo.Problems.Tests", "tests\Problems.Tests\APThermo.Problems.Tests.csproj", "{57985B04-B902-4594-BE8F-7DAAF0A91326}"
EndProject
Project("{FAE04EC0-301F-11D3-BF4B-00C04F79EFBC}") = "APThermo.Cli", "src\Cli\APThermo.Cli.csproj", "{CFDD2571-9A1F-4761-8083-5D048BF745ED}"
EndProject
Project("{FAE04EC0-301F-11D3-BF4B-00C04F79EFBC}") = "APThermo.Cli.Tests", "tests\Cli.Tests\APThermo.Cli.Tests.csproj", "{68BE0042-EA67-4EFE-9A80-1BC98368D6FC}"
EndProject
Project("{2150E333-8FDC-42A3-9474-1A3956D46DE8}") = "Protocol.Tests", "Protocol.Tests", "{FC2E5359-CDB3-770B-817D-733BFE2A8445}"
EndProject
Project("{FAE04EC0-301F-11D3-BF4B-00C04F79EFBC}") = "APThermo.Protocol.Tests", "tests\Protocol.Tests\APThermo.Protocol.Tests.csproj", "{4ABFAB70-6D6C-4119-AB2D-2FA23E8B6773}"
EndProject
Project("{2150E333-8FDC-42A3-9474-1A3956D46DE8}") = "Cli", "Cli", "{778427DF-EB2C-5228-964E-6D535DE253CA}"
EndProject
Project("{2150E333-8FDC-42A3-9474-1A3956D46DE8}") = "Cli.Tests", "Cli.Tests", "{81F775C6-30B7-0CD0-D0B6-8D305DDA61B2}"
EndProject
Project("{2150E333-8FDC-42A3-9474-1A3956D46DE8}") = "Equilibrium.Tests", "Equilibrium.Tests", "{6B899679-3B1B-AE21-BE19-E1AE7A973351}"
EndProject
Project("{2150E333-8FDC-42A3-9474-1A3956D46DE8}") = "Performance.Tests", "Performance.Tests", "{20F39B69-73D7-BD9C-1828-1BD7CC0961A3}"
EndProject
Project("{2150E333-8FDC-42A3-9474-1A3956D46DE8}") = "Harness", "Harness", "{C7E769CB-2BE9-2587-9A45-EDACB01852C9}"
EndProject
Project("{FAE04EC0-301F-11D3-BF4B-00C04F79EFBC}") = "APThermo.Harness", "tests\Harness\APThermo.Harness.csproj", "{99B2521D-5699-4AA2-A9FA-5808A33A1D80}"
EndProject
Project("{2150E333-8FDC-42A3-9474-1A3956D46DE8}") = "Benchmarks", "Benchmarks", "{1B5EE026-6580-4DBB-AD4F-41EF309EE9B6}"
EndProject
Project("{FAE04EC0-301F-11D3-BF4B-00C04F79EFBC}") = "APThermo.Benchmarks", "tests\Benchmarks\APThermo.Benchmarks.csproj", "{7A44F393-5A67-4DF3-ACE2-A31996235297}"
EndProject
Global
	GlobalSection(SolutionConfigurationPlatforms) = preSolution
		Debug|Any CPU = Debug|Any CPU
		Debug|x64 = Debug|x64
		Debug|x86 = Debug|x86
		Release|Any CPU = Release|Any CPU
		Release|x64 = Release|x64
		Release|x86 = Release|x86
	EndGlobalSection
	GlobalSection(ProjectConfigurationPlatforms) = postSolution
		{A316E53F-153B-4F9D-BB26-994C69D51286}.Debug|Any CPU.ActiveCfg = Debug|Any CPU
		{A316E53F-153B-4F9D-BB26-994C69D51286}.Debug|Any CPU.Build.0 = Debug|Any CPU
		{A316E53F-153B-4F9D-BB26-994C69D51286}.Debug|x64.ActiveCfg = Debug|Any CPU
		{A316E53F-153B-4F9D-BB26-994C69D51286}.Debug|x64.Build.0 = Debug|Any CPU
		{A316E53F-153B-4F9D-BB26-994C69D51286}.Debug|x86.ActiveCfg = Debug|Any CPU
		{A316E53F-153B-4F9D-BB26-994C69D51286}.Debug|x86.Build.0 = Debug|Any CPU
		{A316E53F-153B-4F9D-BB26-994C69D51286}.Release|Any CPU.ActiveCfg = Release|Any CPU
		{A316E53F-153B-4F9D-BB26-994C69D51286}.Release|Any CPU.Build.0 = Release|Any CPU
		{A316E53F-153B-4F9D-BB26-994C69D51286}.Release|x64.ActiveCfg = Release|Any CPU
		{A316E53F-153B-4F9D-BB26-994C69D51286}.Release|x64.Build.0 = Release|Any CPU
		{A316E53F-153B-4F9D-BB26-994C69D51286}.Release|x86.ActiveCfg = Release|Any CPU
		{A316E53F-153B-4F9D-BB26-994C69D51286}.Release|x86.Build.0 = Release|Any CPU
		{A4416B67-309B-44CC-BB57-5425332E995E}.Debug|Any CPU.ActiveCfg = Debug|Any CPU
		{A4416B67-309B-44CC-BB57-5425332E995E}.Debug|Any CPU.Build.0 = Debug|Any CPU
		{A4416B67-309B-44CC-BB57-5425332E995E}.Debug|x64.ActiveCfg = Debug|Any CPU
		{A4416B67-309B-44CC-BB57-5425332E995E}.Debug|x64.Build.0 = Debug|Any CPU
		{A4416B67-309B-44CC-BB57-5425332E995E}.Debug|x86.ActiveCfg = Debug|Any CPU
		{A4416B67-309B-44CC-BB57-5425332E995E}.Debug|x86.Build.0 = Debug|Any CPU
		{A4416B67-309B-44CC-BB57-5425332E995E}.Release|Any CPU.ActiveCfg = Release|Any CPU
		{A4416B67-309B-44CC-BB57-5425332E995E}.Release|Any CPU.Build.0 = Release|Any CPU
		{A4416B67-309B-44CC-BB57-5425332E995E}.Release|x64.ActiveCfg = Release|Any CPU
		{A4416B67-309B-44CC-BB57-5425332E995E}.Release|x64.Build.0 = Release|Any CPU
		{A4416B67-309B-44CC-BB57-5425332E995E}.Release|x86.ActiveCfg = Release|Any CPU
		{A4416B67-309B-44CC-BB57-5425332E995E}.Release|x86.Build.0 = Release|Any CPU
		{9419E4BA-923A-45B5-9750-AED8B3793786}.Debug|Any CPU.ActiveCfg = Debug|Any CPU
		{9419E4BA-923A-45B5-9750-AED8B3793786}.Debug|Any CPU.Build.0 = Debug|Any CPU
		{9419E4BA-923A-45B5-9750-AED8B3793786}.Debug|x64.ActiveCfg = Debug|Any CPU
		{9419E4BA-923A-45B5-9750-AED8B3793786}.Debug|x64.Build.0 = Debug|Any CPU
		{9419E4BA-923A-45B5-9750-AED8B3793786}.Debug|x86.ActiveCfg = Debug|Any CPU
		{9419E4BA-923A-45B5-9750-AED8B3793786}.Debug|x86.Build.0 = Debug|Any CPU
		{9419E4BA-923A-45B5-9750-AED8B3793786}.Release|Any CPU.ActiveCfg = Release|Any CPU
		{9419E4BA-923A-45B5-9750-AED8B3793786}.Release|Any CPU.Build.0 = Release|Any CPU
		{9419E4BA-923A-45B5-9750-AED8B3793786}.Release|x64.ActiveCfg = Release|Any CPU
		{9419E4BA-923A-45B5-9750-AED8B3793786}.Release|x64.Build.0 = Release|Any CPU
		{9419E4BA-923A-45B5-9750-AED8B3793786}.Release|x86.ActiveCfg = Release|Any CPU
		{9419E4BA-923A-45B5-9750-AED8B3793786}.Release|x86.Build.0 = Release|Any CPU
		{B96F4837-33CC-4E22-B316-D8B8464EF45C}.Debug|Any CPU.ActiveCfg = Debug|Any CPU
		{B96F4837-33CC-4E22-B316-D8B8464EF45C}.Debug|Any CPU.Build.0 = Debug|Any CPU
		{B96F4837-33CC-4E22-B316-D8B8464EF45C}.Debug|x64.ActiveCfg = Debug|Any CPU
		{B96F4837-33CC-4E22-B316-D8B8464EF45C}.Debug|x64.Build.0 = Debug|Any CPU
		{B96F4837-33CC-4E22-B316-D8B8464EF45C}.Debug|x86.ActiveCfg = Debug|Any CPU
		{B96F4837-33CC-4E22-B316-D8B8464EF45C}.Debug|x86.Build.0 = Debug|Any CPU
		{B96F4837-33CC-4E22-B316-D8B8464EF45C}.Release|Any CPU.ActiveCfg = Release|Any CPU
		{B96F4837-33CC-4E22-B316-D8B8464EF45C}.Release|Any CPU.Build.0 = Release|Any CPU
		{B96F4837-33CC-4E22-B316-D8B8464EF45C}.Release|x64.ActiveCfg = Release|Any CPU
		{B96F4837-33CC-4E22-B316-D8B8464EF45C}.Release|x64.Build.0 = Release|Any CPU
		{B96F4837-33CC-4E22-B316-D8B8464EF45C}.Release|x86.ActiveCfg = Release|Any CPU
		{B96F4837-33CC-4E22-B316-D8B8464EF45C}.Release|x86.Build.0 = Release|Any CPU
		{D5A64038-F500-454E-8530-1DFB00CEE360}.Debug|Any CPU.ActiveCfg = Debug|Any CPU
		{D5A64038-F500-454E-8530-1DFB00CEE360}.Debug|Any CPU.Build.0 = Debug|Any CPU
		{D5A64038-F500-454E-8530-1DFB00CEE360}.Debug|x64.ActiveCfg = Debug|Any CPU
		{D5A64038-F500-454E-8530-1DFB00CEE360}.Debug|x64.Build.0 = Debug|Any CPU
		{D5A64038-F500-454E-8530-1DFB00CEE360}.Debug|x86.ActiveCfg = Debug|Any CPU
		{D5A64038-F500-454E-8530-1DFB00CEE360}.Debug|x86.Build.0 = Debug|Any CPU
		{D5A64038-F500-454E-8530-1DFB00CEE360}.Release|Any CPU.ActiveCfg = Release|Any CPU
		{D5A64038-F500-454E-8530-1DFB00CEE360}.Release|Any CPU.Build.0 = Release|Any CPU
		{D5A64038-F500-454E-8530-1DFB00CEE360}.Release|x64.ActiveCfg = Release|Any CPU
		{D5A64038-F500-454E-8530-1DFB00CEE360}.Release|x64.Build.0 = Release|Any CPU
		{D5A64038-F500-454E-8530-1DFB00CEE360}.Release|x86.ActiveCfg = Release|Any CPU
		{D5A64038-F500-454E-8530-1DFB00CEE360}.Release|x86.Build.0 = Release|Any CPU
		{DE215977-1F6A-456A-AA5B-637E4694A7C4}.Debug|Any CPU.ActiveCfg = Debug|Any CPU
		{DE215977-1F6A-456A-AA5B-637E4694A7C4}.Debug|Any CPU.Build.0 = Debug|Any CPU
		{DE215977-1F6A-456A-AA5B-637E4694A7C4}.Debug|x64.ActiveCfg = Debug|Any CPU
		{DE215977-1F6A-456A-AA5B-637E4694A7C4}.Debug|x64.Build.0 = Debug|Any CPU
		{DE215977-1F6A-456A-AA5B-637E4694A7C4}.Debug|x86.ActiveCfg = Debug|Any CPU
		{DE215977-1F6A-456A-AA5B-637E4694A7C4}.Debug|x86.Build.0 = Debug|Any CPU
		{DE215977-1F6A-456A-AA5B-637E4694A7C4}.Release|Any CPU.ActiveCfg = Release|Any CPU
		{DE215977-1F6A-456A-AA5B-637E4694A7C4}.Release|Any CPU.Build.0 = Release|Any CPU
		{DE215977-1F6A-456A-AA5B-637E4694A7C4}.Release|x64.ActiveCfg = Release|Any CPU
		{DE215977-1F6A-456A-AA5B-637E4694A7C4}.Release|x64.Build.0 = Release|Any CPU
		{DE215977-1F6A-456A-AA5B-637E4694A7C4}.Release|x86.ActiveCfg = Release|Any CPU
		{DE215977-1F6A-456A-AA5B-637E4694A7C4}.Release|x86.Build.0 = Release|Any CPU
		{74D8BD1C-7EAF-407D-ACA2-BC9A78A181C5}.Debug|Any CPU.ActiveCfg = Debug|Any CPU
		{74D8BD1C-7EAF-407D-ACA2-BC9A78A181C5}.Debug|Any CPU.Build.0 = Debug|Any CPU
		{74D8BD1C-7EAF-407D-ACA2-BC9A78A181C5}.Debug|x64.ActiveCfg = Debug|Any CPU
		{74D8BD1C-7EAF-407D-ACA2-BC9A78A181C5}.Debug|x64.Build.0 = Debug|Any CPU
		{74D8BD1C-7EAF-407D-ACA2-BC9A78A181C5}.Debug|x86.ActiveCfg = Debug|Any CPU
		{74D8BD1C-7EAF-407D-ACA2-BC9A78A181C5}.Debug|x86.Build.0 = Debug|Any CPU
		{74D8BD1C-7EAF-407D-ACA2-BC9A78A181C5}.Release|Any CPU.ActiveCfg = Release|Any CPU
		{74D8BD1C-7EAF-407D-ACA2-BC9A78A181C5}.Release|Any CPU.Build.0 = Release|Any CPU
		{74D8BD1C-7EAF-407D-ACA2-BC9A78A181C5}.Release|x64.ActiveCfg = Release|Any CPU
		{74D8BD1C-7EAF-407D-ACA2-BC9A78A181C5}.Release|x64.Build.0 = Release|Any CPU
		{74D8BD1C-7EAF-407D-ACA2-BC9A78A181C5}.Release|x86.ActiveCfg = Release|Any CPU
		{74D8BD1C-7EAF-407D-ACA2-BC9A78A181C5}.Release|x86.Build.0 = Release|Any CPU
		{871E7484-AE53-4AA8-A82E-F33A3D3F0F8C}.Debug|Any CPU.ActiveCfg = Debug|Any CPU
		{871E7484-AE53-4AA8-A82E-F33A3D3F0F8C}.Debug|Any CPU.Build.0 = Debug|Any CPU
		{871E7484-AE53-4AA8-A82E-F33A3D3F0F8C}.Debug|x64.ActiveCfg = Debug|Any CPU
		{871E7484-AE53-4AA8-A82E-F33A3D3F0F8C}.Debug|x64.Build.0 = Debug|Any CPU
		{871E7484-AE53-4AA8-A82E-F33A3D3F0F8C}.Debug|x86.ActiveCfg = Debug|Any CPU
		{871E7484-AE53-4AA8-A82E-F33A3D3F0F8C}.Debug|x86.Build.0 = Debug|Any CPU
		{871E7484-AE53-4AA8-A82E-F33A3D3F0F8C}.Release|Any CPU.ActiveCfg = Release|Any CPU
		{871E7484-AE53-4AA8-A82E-F33A3D3F0F8C}.Release|Any CPU.Build.0 = Release|Any CPU
		{871E7484-AE53-4AA8-A82E-F33A3D3F0F8C}.Release|x64.ActiveCfg = Release|Any CPU
		{871E7484-AE53-4AA8-A82E-F33A3D3F0F8C}.Release|x64.Build.0 = Release|Any CPU
		{871E7484-AE53-4AA8-A82E-F33A3D3F0F8C}.Release|x86.ActiveCfg = Release|Any CPU
		{871E7484-AE53-4AA8-A82E-F33A3D3F0F8C}.Release|x86.Build.0 = Release|Any CPU
		{0C9A7B7B-6B5D-4892-B95B-B1742CE9FFD8}.Debug|Any CPU.ActiveCfg = Debug|Any CPU
		{0C9A7B7B-6B5D-4892-B95B-B1742CE9FFD8}.Debug|Any CPU.Build.0 = Debug|Any CPU
		{0C9A7B7B-6B5D-4892-B95B-B1742CE9FFD8}.Debug|x64.ActiveCfg = Debug|Any CPU
		{0C9A7B7B-6B5D-4892-B95B-B1742CE9FFD8}.Debug|x64.Build.0 = Debug|Any CPU
		{0C9A7B7B-6B5D-4892-B95B-B1742CE9FFD8}.Debug|x86.ActiveCfg = Debug|Any CPU
		{0C9A7B7B-6B5D-4892-B95B-B1742CE9FFD8}.Debug|x86.Build.0 = Debug|Any CPU
		{0C9A7B7B-6B5D-4892-B95B-B1742CE9FFD8}.Release|Any CPU.ActiveCfg = Release|Any CPU
		{0C9A7B7B-6B5D-4892-B95B-B1742CE9FFD8}.Release|Any CPU.Build.0 = Release|Any CPU
		{0C9A7B7B-6B5D-4892-B95B-B1742CE9FFD8}.Release|x64.ActiveCfg = Release|Any CPU
		{0C9A7B7B-6B5D-4892-B95B-B1742CE9FFD8}.Release|x64.Build.0 = Release|Any CPU
		{0C9A7B7B-6B5D-4892-B95B-B1742CE9FFD8}.Release|x86.ActiveCfg = Release|Any CPU
		{0C9A7B7B-6B5D-4892-B95B-B1742CE9FFD8}.Release|x86.Build.0 = Release|Any CPU
		{B39BC116-414E-4E87-9FF4-C7C29F090872}.Debug|Any CPU.ActiveCfg = Debug|Any CPU
		{B39BC116-414E-4E87-9FF4-C7C29F090872}.Debug|Any CPU.Build.0 = Debug|Any CPU
		{B39BC116-414E-4E87-9FF4-C7C29F090872}.Debug|x64.ActiveCfg = Debug|Any CPU
		{B39BC116-414E-4E87-9FF4-C7C29F090872}.Debug|x64.Build.0 = Debug|Any CPU
		{B39BC116-414E-4E87-9FF4-C7C29F090872}.Debug|x86.ActiveCfg = Debug|Any CPU
		{B39BC116-414E-4E87-9FF4-C7C29F090872}.Debug|x86.Build.0 = Debug|Any CPU
		{B39BC116-414E-4E87-9FF4-C7C29F090872}.Release|Any CPU.ActiveCfg = Release|Any CPU
		{B39BC116-414E-4E87-9FF4-C7C29F090872}.Release|Any CPU.Build.0 = Release|Any CPU
		{B39BC116-414E-4E87-9FF4-C7C29F090872}.Release|x64.ActiveCfg = Release|Any CPU
		{B39BC116-414E-4E87-9FF4-C7C29F090872}.Release|x64.Build.0 = Release|Any CPU
		{B39BC116-414E-4E87-9FF4-C7C29F090872}.Release|x86.ActiveCfg = Release|Any CPU
		{B39BC116-414E-4E87-9FF4-C7C29F090872}.Release|x86.Build.0 = Release|Any CPU
		{657183BB-BF28-4C99-9101-5ADDF112C37B}.Debug|Any CPU.ActiveCfg = Debug|Any CPU
		{657183BB-BF28-4C99-9101-5ADDF112C37B}.Debug|Any CPU.Build.0 = Debug|Any CPU
		{657183BB-BF28-4C99-9101-5ADDF112C37B}.Debug|x64.ActiveCfg = Debug|Any CPU
		{657183BB-BF28-4C99-9101-5ADDF112C37B}.Debug|x64.Build.0 = Debug|Any CPU
		{657183BB-BF28-4C99-9101-5ADDF112C37B}.Debug|x86.ActiveCfg = Debug|Any CPU
		{657183BB-BF28-4C99-9101-5ADDF112C37B}.Debug|x86.Build.0 = Debug|Any CPU
		{657183BB-BF28-4C99-9101-5ADDF112C37B}.Release|Any CPU.ActiveCfg = Release|Any CPU
		{657183BB-BF28-4C99-9101-5ADDF112C37B}.Release|Any CPU.Build.0 = Release|Any CPU
		{657183BB-BF28-4C99-9101-5ADDF112C37B}.Release|x64.ActiveCfg = Release|Any CPU
		{657183BB-BF28-4C99-9101-5ADDF112C37B}.Release|x64.Build.0 = Release|Any CPU
		{657183BB-BF28-4C99-9101-5ADDF112C37B}.Release|x86.ActiveCfg = Release|Any CPU
		{657183BB-BF28-4C99-9101-5ADDF112C37B}.Release|x86.Build.0 = Release|Any CPU
		{4F426283-E3F2-441C-8E11-6F115478BDBB}.Debug|Any CPU.ActiveCfg = Debug|Any CPU
		{4F426283-E3F2-441C-8E11-6F115478BDBB}.Debug|Any CPU.Build.0 = Debug|Any CPU
		{4F426283-E3F2-441C-8E11-6F115478BDBB}.Debug|x64.ActiveCfg = Debug|Any CPU
		{4F426283-E3F2-441C-8E11-6F115478BDBB}.Debug|x64.Build.0 = Debug|Any CPU
		{4F426283-E3F2-441C-8E11-6F115478BDBB}.Debug|x86.ActiveCfg = Debug|Any CPU
		{4F426283-E3F2-441C-8E11-6F115478BDBB}.Debug|x86.Build.0 = Debug|Any CPU
		{4F426283-E3F2-441C-8E11-6F115478BDBB}.Release|Any CPU.ActiveCfg = Release|Any CPU
		{4F426283-E3F2-441C-8E11-6F115478BDBB}.Release|Any CPU.Build.0 = Release|Any CPU
		{4F426283-E3F2-441C-8E11-6F115478BDBB}.Release|x64.ActiveCfg = Release|Any CPU
		{4F426283-E3F2-441C-8E11-6F115478BDBB}.Release|x64.Build.0 = Release|Any CPU
		{4F426283-E3F2-441C-8E11-6F115478BDBB}.Release|x86.ActiveCfg = Release|Any CPU
		{4F426283-E3F2-441C-8E11-6F115478BDBB}.Release|x86.Build.0 = Release|Any CPU
		{764826DA-20B2-4936-A289-594D338408B7}.Debug|Any CPU.ActiveCfg = Debug|Any CPU
		{764826DA-20B2-4936-A289-594D338408B7}.Debug|Any CPU.Build.0 = Debug|Any CPU
		{764826DA-20B2-4936-A289-594D338408B7}.Debug|x64.ActiveCfg = Debug|Any CPU
		{764826DA-20B2-4936-A289-594D338408B7}.Debug|x64.Build.0 = Debug|Any CPU
		{764826DA-20B2-4936-A289-594D338408B7}.Debug|x86.ActiveCfg = Debug|Any CPU
		{764826DA-20B2-4936-A289-594D338408B7}.Debug|x86.Build.0 = Debug|Any CPU
		{764826DA-20B2-4936-A289-594D338408B7}.Release|Any CPU.ActiveCfg = Release|Any CPU
		{764826DA-20B2-4936-A289-594D338408B7}.Release|Any CPU.Build.0 = Release|Any CPU
		{764826DA-20B2-4936-A289-594D338408B7}.Release|x64.ActiveCfg = Release|Any CPU
		{764826DA-20B2-4936-A289-594D338408B7}.Release|x64.Build.0 = Release|Any CPU
		{764826DA-20B2-4936-A289-594D338408B7}.Release|x86.ActiveCfg = Release|Any CPU
		{764826DA-20B2-4936-A289-594D338408B7}.Release|x86.Build.0 = Release|Any CPU
		{6B4DCE9B-5111-4B24-A885-165278DF7A17}.Debug|Any CPU.ActiveCfg = Debug|Any CPU
		{6B4DCE9B-5111-4B24-A885-165278DF7A17}.Debug|Any CPU.Build.0 = Debug|Any CPU
		{6B4DCE9B-5111-4B24-A885-165278DF7A17}.Debug|x64.ActiveCfg = Debug|Any CPU
		{6B4DCE9B-5111-4B24-A885-165278DF7A17}.Debug|x64.Build.0 = Debug|Any CPU
		{6B4DCE9B-5111-4B24-A885-165278DF7A17}.Debug|x86.ActiveCfg = Debug|Any CPU
		{6B4DCE9B-5111-4B24-A885-165278DF7A17}.Debug|x86.Build.0 = Debug|Any CPU
		{6B4DCE9B-5111-4B24-A885-165278DF7A17}.Release|Any CPU.ActiveCfg = Release|Any CPU
		{6B4DCE9B-5111-4B24-A885-165278DF7A17}.Release|Any CPU.Build.0 = Release|Any CPU
		{6B4DCE9B-5111-4B24-A885-165278DF7A17}.Release|x64.ActiveCfg = Release|Any CPU
		{6B4DCE9B-5111-4B24-A885-165278DF7A17}.Release|x64.Build.0 = Release|Any CPU
		{6B4DCE9B-5111-4B24-A885-165278DF7A17}.Release|x86.ActiveCfg = Release|Any CPU
		{6B4DCE9B-5111-4B24-A885-165278DF7A17}.Release|x86.Build.0 = Release|Any CPU
		{C433D1E3-6882-4362-9A04-0A98199F2EDB}.Debug|Any CPU.ActiveCfg = Debug|Any CPU
		{C433D1E3-6882-4362-9A04-0A98199F2EDB}.Debug|Any CPU.Build.0 = Debug|Any CPU
		{C433D1E3-6882-4362-9A04-0A98199F2EDB}.Debug|x64.ActiveCfg = Debug|Any CPU
		{C433D1E3-6882-4362-9A04-0A98199F2EDB}.Debug|x64.Build.0 = Debug|Any CPU
		{C433D1E3-6882-4362-9A04-0A98199F2EDB}.Debug|x86.ActiveCfg = Debug|Any CPU
		{C433D1E3-6882-4362-9A04-0A98199F2EDB}.Debug|x86.Build.0 = Debug|Any CPU
		{C433D1E3-6882-4362-9A04-0A98199F2EDB}.Release|Any CPU.ActiveCfg = Release|Any CPU
		{C433D1E3-6882-4362-9A04-0A98199F2EDB}.Release|Any CPU.Build.0 = Release|Any CPU
		{C433D1E3-6882-4362-9A04-0A98199F2EDB}.Release|x64.ActiveCfg = Release|Any CPU
		{C433D1E3-6882-4362-9A04-0A98199F2EDB}.Release|x64.Build.0 = Release|Any CPU
		{C433D1E3-6882-4362-9A04-0A98199F2EDB}.Release|x86.ActiveCfg = Release|Any CPU
		{C433D1E3-6882-4362-9A04-0A98199F2EDB}.Release|x86.Build.0 = Release|Any CPU
		{57985B04-B902-4594-BE8F-7DAAF0A91326}.Debug|Any CPU.ActiveCfg = Debug|Any CPU
		{57985B04-B902-4594-BE8F-7DAAF0A91326}.Debug|Any CPU.Build.0 = Debug|Any CPU
		{57985B04-B902-4594-BE8F-7DAAF0A91326}.Debug|x64.ActiveCfg = Debug|Any CPU
		{57985B04-B902-4594-BE8F-7DAAF0A91326}.Debug|x64.Build.0 = Debug|Any CPU
		{57985B04-B902-4594-BE8F-7DAAF0A91326}.Debug|x86.ActiveCfg = Debug|Any CPU
		{57985B04-B902-4594-BE8F-7DAAF0A91326}.Debug|x86.Build.0 = Debug|Any CPU
		{57985B04-B902-4594-BE8F-7DAAF0A91326}.Release|Any CPU.ActiveCfg = Release|Any CPU
		{57985B04-B902-4594-BE8F-7DAAF0A91326}.Release|Any CPU.Build.0 = Release|Any CPU
		{57985B04-B902-4594-BE8F-7DAAF0A91326}.Release|x64.ActiveCfg = Release|Any CPU
		{57985B04-B902-4594-BE8F-7DAAF0A91326}.Release|x64.Build.0 = Release|Any CPU
		{57985B04-B902-4594-BE8F-7DAAF0A91326}.Release|x86.ActiveCfg = Release|Any CPU
		{57985B04-B902-4594-BE8F-7DAAF0A91326}.Release|x86.Build.0 = Release|Any CPU
		{CFDD2571-9A1F-4761-8083-5D048BF745ED}.Debug|Any CPU.ActiveCfg = Debug|Any CPU
		{CFDD2571-9A1F-4761-8083-5D048BF745ED}.Debug|Any CPU.Build.0 = Debug|Any CPU
		{CFDD2571-9A1F-4761-8083-5D048BF745ED}.Debug|x64.ActiveCfg = Debug|Any CPU
		{CFDD2571-9A1F-4761-8083-5D048BF745ED}.Debug|x64.Build.0 = Debug|Any CPU
		{CFDD2571-9A1F-4761-8083-5D048BF745ED}.Debug|x86.ActiveCfg = Debug|Any CPU
		{CFDD2571-9A1F-4761-8083-5D048BF745ED}.Debug|x86.Build.0 = Debug|Any CPU
		{CFDD2571-9A1F-4761-8083-5D048BF745ED}.Release|Any CPU.ActiveCfg = Release|Any CPU
		{CFDD2571-9A1F-4761-8083-5D048BF745ED}.Release|Any CPU.Build.0 = Release|Any CPU
		{CFDD2571-9A1F-4761-8083-5D048BF745ED}.Release|x64.ActiveCfg = Release|Any CPU
		{CFDD2571-9A1F-4761-8083-5D048BF745ED}.Release|x64.Build.0 = Release|Any CPU
		{CFDD2571-9A1F-4761-8083-5D048BF745ED}.Release|x86.ActiveCfg = Release|Any CPU
		{CFDD2571-9A1F-4761-8083-5D048BF745ED}.Release|x86.Build.0 = Release|Any CPU
		{68BE0042-EA67-4EFE-9A80-1BC98368D6FC}.Debug|Any CPU.ActiveCfg = Debug|Any CPU
		{68BE0042-EA67-4EFE-9A80-1BC98368D6FC}.Debug|Any CPU.Build.0 = Debug|Any CPU
		{68BE0042-EA67-4EFE-9A80-1BC98368D6FC}.Debug|x64.ActiveCfg = Debug|Any CPU
		{68BE0042-EA67-4EFE-9A80-1BC98368D6FC}.Debug|x64.Build.0 = Debug|Any CPU
		{68BE0042-EA67-4EFE-9A80-1BC98368D6FC}.Debug|x86.ActiveCfg = Debug|Any CPU
		{68BE0042-EA67-4EFE-9A80-1BC98368D6FC}.Debug|x86.Build.0 = Debug|Any CPU
		{68BE0042-EA67-4EFE-9A80-1BC98368D6FC}.Release|Any CPU.ActiveCfg = Release|Any CPU
		{68BE0042-EA67-4EFE-9A80-1BC98368D6FC}.Release|Any CPU.Build.0 = Release|Any CPU
		{68BE0042-EA67-4EFE-9A80-1BC98368D6FC}.Release|x64.ActiveCfg = Release|Any CPU
		{68BE0042-EA67-4EFE-9A80-1BC98368D6FC}.Release|x64.Build.0 = Release|Any CPU
		{68BE0042-EA67-4EFE-9A80-1BC98368D6FC}.Release|x86.ActiveCfg = Release|Any CPU
		{68BE0042-EA67-4EFE-9A80-1BC98368D6FC}.Release|x86.Build.0 = Release|Any CPU
		{4ABFAB70-6D6C-4119-AB2D-2FA23E8B6773}.Debug|Any CPU.ActiveCfg = Debug|Any CPU
		{4ABFAB70-6D6C-4119-AB2D-2FA23E8B6773}.Debug|Any CPU.Build.0 = Debug|Any CPU
		{4ABFAB70-6D6C-4119-AB2D-2FA23E8B6773}.Debug|x64.ActiveCfg = Debug|Any CPU
		{4ABFAB70-6D6C-4119-AB2D-2FA23E8B6773}.Debug|x64.Build.0 = Debug|Any CPU
		{4ABFAB70-6D6C-4119-AB2D-2FA23E8B6773}.Debug|x86.ActiveCfg = Debug|Any CPU
		{4ABFAB70-6D6C-4119-AB2D-2FA23E8B6773}.Debug|x86.Build.0 = Debug|Any CPU
		{4ABFAB70-6D6C-4119-AB2D-2FA23E8B6773}.Release|Any CPU.ActiveCfg = Release|Any CPU
		{4ABFAB70-6D6C-4119-AB2D-2FA23E8B6773}.Release|Any CPU.Build.0 = Release|Any CPU
		{4ABFAB70-6D6C-4119-AB2D-2FA23E8B6773}.Release|x64.ActiveCfg = Release|Any CPU
		{4ABFAB70-6D6C-4119-AB2D-2FA23E8B6773}.Release|x64.Build.0 = Release|Any CPU
		{4ABFAB70-6D6C-4119-AB2D-2FA23E8B6773}.Release|x86.ActiveCfg = Release|Any CPU
		{4ABFAB70-6D6C-4119-AB2D-2FA23E8B6773}.Release|x86.Build.0 = Release|Any CPU
		{99B2521D-5699-4AA2-A9FA-5808A33A1D80}.Debug|Any CPU.ActiveCfg = Debug|Any CPU
		{99B2521D-5699-4AA2-A9FA-5808A33A1D80}.Debug|Any CPU.Build.0 = Debug|Any CPU
		{99B2521D-5699-4AA2-A9FA-5808A33A1D80}.Debug|x64.ActiveCfg = Debug|Any CPU
		{99B2521D-5699-4AA2-A9FA-5808A33A1D80}.Debug|x64.Build.0 = Debug|Any CPU
		{99B2521D-5699-4AA2-A9FA-5808A33A1D80}.Debug|x86.ActiveCfg = Debug|Any CPU
		{99B2521D-5699-4AA2-A9FA-5808A33A1D80}.Debug|x86.Build.0 = Debug|Any CPU
		{99B2521D-5699-4AA2-A9FA-5808A33A1D80}.Release|Any CPU.ActiveCfg = Release|Any CPU
		{99B2521D-5699-4AA2-A9FA-5808A33A1D80}.Release|Any CPU.Build.0 = Release|Any CPU
		{99B2521D-5699-4AA2-A9FA-5808A33A1D80}.Release|x64.ActiveCfg = Release|Any CPU
		{99B2521D-5699-4AA2-A9FA-5808A33A1D80}.Release|x64.Build.0 = Release|Any CPU
		{99B2521D-5699-4AA2-A9FA-5808A33A1D80}.Release|x86.ActiveCfg = Release|Any CPU
		{99B2521D-5699-4AA2-A9FA-5808A33A1D80}.Release|x86.Build.0 = Release|Any CPU
		{7A44F393-5A67-4DF3-ACE2-A31996235297}.Debug|Any CPU.ActiveCfg = Debug|Any CPU
		{7A44F393-5A67-4DF3-ACE2-A31996235297}.Debug|Any CPU.Build.0 = Debug|Any CPU
		{7A44F393-5A67-4DF3-ACE2-A31996235297}.Debug|x64.ActiveCfg = Debug|Any CPU
		{7A44F393-5A67-4DF3-ACE2-A31996235297}.Debug|x64.Build.0 = Debug|Any CPU
		{7A44F393-5A67-4DF3-ACE2-A31996235297}.Debug|x86.ActiveCfg = Debug|Any CPU
		{7A44F393-5A67-4DF3-ACE2-A31996235297}.Debug|x86.Build.0 = Debug|Any CPU
		{7A44F393-5A67-4DF3-ACE2-A31996235297}.Release|Any CPU.ActiveCfg = Release|Any CPU
		{7A44F393-5A67-4DF3-ACE2-A31996235297}.Release|Any CPU.Build.0 = Release|Any CPU
		{7A44F393-5A67-4DF3-ACE2-A31996235297}.Release|x64.ActiveCfg = Release|Any CPU
		{7A44F393-5A67-4DF3-ACE2-A31996235297}.Release|x64.Build.0 = Release|Any CPU
		{7A44F393-5A67-4DF3-ACE2-A31996235297}.Release|x86.ActiveCfg = Release|Any CPU
		{7A44F393-5A67-4DF3-ACE2-A31996235297}.Release|x86.Build.0 = Release|Any CPU
	EndGlobalSection
	GlobalSection(SolutionProperties) = preSolution
		HideSolutionNode = FALSE
	EndGlobalSection
	GlobalSection(NestedProjects) = preSolution
		{58A5B24B-8FB4-5A6E-5EF4-1E3E19F29B1B} = {827E0CD3-B72D-47B6-A68D-7590B98EB39B}
		{A316E53F-153B-4F9D-BB26-994C69D51286} = {58A5B24B-8FB4-5A6E-5EF4-1E3E19F29B1B}
		{F12727AA-ABEF-07AF-E6F0-CD96E3D9A8AF} = {0AB3BF05-4346-4AA6-1389-037BE0695223}
		{A4416B67-309B-44CC-BB57-5425332E995E} = {F12727AA-ABEF-07AF-E6F0-CD96E3D9A8AF}
		{F5856A58-83D8-888F-79B1-D961ED034543} = {0AB3BF05-4346-4AA6-1389-037BE0695223}
		{9419E4BA-923A-45B5-9750-AED8B3793786} = {F5856A58-83D8-888F-79B1-D961ED034543}
		{B73DEB92-8CF4-F920-4CA2-CA51D85386A7} = {0AB3BF05-4346-4AA6-1389-037BE0695223}
		{B96F4837-33CC-4E22-B316-D8B8464EF45C} = {B73DEB92-8CF4-F920-4CA2-CA51D85386A7}
		{C8D03F53-85E8-E10C-B5AE-B99133F434EE} = {827E0CD3-B72D-47B6-A68D-7590B98EB39B}
		{D5A64038-F500-454E-8530-1DFB00CEE360} = {C8D03F53-85E8-E10C-B5AE-B99133F434EE}
		{ED1AD851-FE6F-163F-E532-B1F85661505D} = {0AB3BF05-4346-4AA6-1389-037BE0695223}
		{DE215977-1F6A-456A-AA5B-637E4694A7C4} = {ED1AD851-FE6F-163F-E532-B1F85661505D}
		{74D8BD1C-7EAF-407D-ACA2-BC9A78A181C5} = {827E0CD3-B72D-47B6-A68D-7590B98EB39B}
		{871E7484-AE53-4AA8-A82E-F33A3D3F0F8C} = {0AB3BF05-4346-4AA6-1389-037BE0695223}
		{0C9A7B7B-6B5D-4892-B95B-B1742CE9FFD8} = {827E0CD3-B72D-47B6-A68D-7590B98EB39B}
		{B39BC116-414E-4E87-9FF4-C7C29F090872} = {0AB3BF05-4346-4AA6-1389-037BE0695223}
		{EBE1F911-DA5A-2E09-3951-6FDC52D4619A} = {827E0CD3-B72D-47B6-A68D-7590B98EB39B}
		{657183BB-BF28-4C99-9101-5ADDF112C37B} = {EBE1F911-DA5A-2E09-3951-6FDC52D4619A}
		{D79185C1-66EA-EE8B-1C5E-902E67C52BA5} = {0AB3BF05-4346-4AA6-1389-037BE0695223}
		{4F426283-E3F2-441C-8E11-6F115478BDBB} = {D79185C1-66EA-EE8B-1C5E-902E67C52BA5}
		{EC0AE37B-42FE-3786-533F-760669F80219} = {827E0CD3-B72D-47B6-A68D-7590B98EB39B}
		{764826DA-20B2-4936-A289-594D338408B7} = {EC0AE37B-42FE-3786-533F-760669F80219}
		{13055E78-F142-F3CA-87BE-B5BA74CE81C6} = {0AB3BF05-4346-4AA6-1389-037BE0695223}
		{6B4DCE9B-5111-4B24-A885-165278DF7A17} = {13055E78-F142-F3CA-87BE-B5BA74CE81C6}
		{1F00F202-86F7-2C84-886B-8413C9B64CA3} = {827E0CD3-B72D-47B6-A68D-7590B98EB39B}
		{C433D1E3-6882-4362-9A04-0A98199F2EDB} = {1F00F202-86F7-2C84-886B-8413C9B64CA3}
		{1F372C61-7DB7-C9EB-8EB0-EED26EB98FB1} = {827E0CD3-B72D-47B6-A68D-7590B98EB39B}
		{A985E10E-0E53-AFFE-9895-B7A228AD8D70} = {827E0CD3-B72D-47B6-A68D-7590B98EB39B}
		{7FB19850-2149-E8ED-2182-BCD1FCE35CF2} = {0AB3BF05-4346-4AA6-1389-037BE0695223}
		{57985B04-B902-4594-BE8F-7DAAF0A91326} = {7FB19850-2149-E8ED-2182-BCD1FCE35CF2}
		{CFDD2571-9A1F-4761-8083-5D048BF745ED} = {827E0CD3-B72D-47B6-A68D-7590B98EB39B}
		{68BE0042-EA67-4EFE-9A80-1BC98368D6FC} = {0AB3BF05-4346-4AA6-1389-037BE0695223}
		{FC2E5359-CDB3-770B-817D-733BFE2A8445} = {0AB3BF05-4346-4AA6-1389-037BE0695223}
		{4ABFAB70-6D6C-4119-AB2D-2FA23E8B6773} = {FC2E5359-CDB3-770B-817D-733BFE2A8445}
		{778427DF-EB2C-5228-964E-6D535DE253CA} = {827E0CD3-B72D-47B6-A68D-7590B98EB39B}
		{81F775C6-30B7-0CD0-D0B6-8D305DDA61B2} = {0AB3BF05-4346-4AA6-1389-037BE0695223}
		{6B899679-3B1B-AE21-BE19-E1AE7A973351} = {0AB3BF05-4346-4AA6-1389-037BE0695223}
		{20F39B69-73D7-BD9C-1828-1BD7CC0961A3} = {0AB3BF05-4346-4AA6-1389-037BE0695223}
		{C7E769CB-2BE9-2587-9A45-EDACB01852C9} = {0AB3BF05-4346-4AA6-1389-037BE0695223}
		{99B2521D-5699-4AA2-A9FA-5808A33A1D80} = {C7E769CB-2BE9-2587-9A45-EDACB01852C9}
		{1B5EE026-6580-4DBB-AD4F-41EF309EE9B6} = {0AB3BF05-4346-4AA6-1389-037BE0695223}
		{7A44F393-5A67-4DF3-ACE2-A31996235297} = {1B5EE026-6580-4DBB-AD4F-41EF309EE9B6}
	EndGlobalSection
EndGlobal
